
Microsoft Visual Studio Solution File, Format Version 12.00
# Visual Studio 15
VisualStudioVersion = 15.0.27130.2027
MinimumVisualStudioVersion = 10.0.40219.1
Project("{FAE04EC0-301F-11D3-BF4B-00C04F79EFBC}") = "HttpStartClient", "HttpStartClient\HttpStartClient.csproj", "{5A60B0E3-D3CF-4368-ABAB-9F323D1EE37B}"
EndProject
Project("{FAE04EC0-301F-11D3-BF4B-00C04F79EFBC}") = "HttpStartServer", "HttpStartServer\HttpStartServer.csproj", "{43ACF794-9381-4325-8C5A-8877610D6186}"
EndProject
Global
	GlobalSection(SolutionConfigurationPlatforms) = preSolution
		Debug|Any CPU = Debug|Any CPU
		Release|Any CPU = Release|Any CPU
	EndGlobalSection
	GlobalSection(ProjectConfigurationPlatforms) = postSolution
		{5A60B0E3-D3CF-4368-ABAB-9F323D1EE37B}.Debug|Any CPU.ActiveCfg = Debug|Any CPU
		{5A60B0E3-D3CF-4368-ABAB-9F323D1EE37B}.Debug|Any CPU.Build.0 = Debug|Any CPU
		{5A60B0E3-D3CF-4368-ABAB-9F323D1EE37B}.Release|Any CPU.ActiveCfg = Release|Any CPU
		{5A60B0E3-D3CF-4368-ABAB-9F323D1EE37B}.Release|Any CPU.Build.0 = Release|Any CPU
		{43ACF794-9381-4325-8C5A-8877610D6186}.Debug|Any CPU.ActiveCfg = Debug|Any CPU
		{43ACF794-9381-4325-8C5A-8877610D6186}.Debug|Any CPU.Build.0 = Debug|Any CPU
		{43ACF794-9381-4325-8C5A-8877610D6186}.Release|Any CPU.ActiveCfg = Release|Any CPU
		{43ACF794-9381-4325-8C5A-8877610D6186}.Release|Any CPU.Build.0 = Release|Any CPU
	EndGlobalSection
	GlobalSection(SolutionProperties) = preSolution
		HideSolutionNode = FALSE
	EndGlobalSection
	GlobalSection(ExtensibilityGlobals) = postSolution
		SolutionGuid = {958BDF45-61D2-441E-9DCE-F1E8961D43FC}
	EndGlobalSection
EndGlobal
